
Microsoft Visual Studio Solution File, Format Version 12.00
# Visual Studio 14
VisualStudioVersion = 14.0.25420.1
MinimumVisualStudioVersion = 10.0.40219.1
Project("{FAE04EC0-301F-11D3-BF4B-00C04F79EFBC}") = "MLFactorGraph", "MLFactorGraph\MLFactorGraph.csproj", "{9C2765C2-F0C5-46D3-9424-100531D35A6A}"
EndProject
Project("{FAE04EC0-301F-11D3-BF4B-00C04F79EFBC}") = "LearningPhase", "LearningPhase\LearningPhase.csproj", "{F401B9AB-BC46-473F-8D29-9000CCF64339}"
EndProject
Project("{FAE04EC0-301F-11D3-BF4B-00C04F79EFBC}") = "PredictionPhase", "PredictionPhase\PredictionPhase.csproj", "{0A2A0108-6CBE-4298-914C-9708764D365B}"
EndProject
Project("{FAE04EC0-301F-11D3-BF4B-00C04F79EFBC}") = "ResearchUtils", "ResearchUtils\ResearchUtils.csproj", "{E6EBBB54-9821-4344-9A72-1F3D6DB8EDA0}"
EndProject
Project("{FAE04EC0-301F-11D3-BF4B-00C04F79EFBC}") = "MobileMLFGraph", "MobileMLFGraph\MobileMLFGraph.csproj", "{83955008-D5E9-42AC-A7E3-E390C3448750}"
EndProject
Global
	GlobalSection(SolutionConfigurationPlatforms) = preSolution
		Debug|Any CPU = Debug|Any CPU
		Release|Any CPU = Release|Any CPU
	EndGlobalSection
	GlobalSection(ProjectConfigurationPlatforms) = postSolution
		{9C2765C2-F0C5-46D3-9424-100531D35A6A}.Debug|Any CPU.ActiveCfg = Debug|Any CPU
		{9C2765C2-F0C5-46D3-9424-100531D35A6A}.Debug|Any CPU.Build.0 = Debug|Any CPU
		{9C2765C2-F0C5-46D3-9424-100531D35A6A}.Release|Any CPU.ActiveCfg = Release|Any CPU
		{9C2765C2-F0C5-46D3-9424-100531D35A6A}.Release|Any CPU.Build.0 = Release|Any CPU
		{F401B9AB-BC46-473F-8D29-9000CCF64339}.Debug|Any CPU.ActiveCfg = Debug|Any CPU
		{F401B9AB-BC46-473F-8D29-9000CCF64339}.Debug|Any CPU.Build.0 = Debug|Any CPU
		{F401B9AB-BC46-473F-8D29-9000CCF64339}.Release|Any CPU.ActiveCfg = Release|Any CPU
		{F401B9AB-BC46-473F-8D29-9000CCF64339}.Release|Any CPU.Build.0 = Release|Any CPU
		{0A2A0108-6CBE-4298-914C-9708764D365B}.Debug|Any CPU.ActiveCfg = Debug|Any CPU
		{0A2A0108-6CBE-4298-914C-9708764D365B}.Debug|Any CPU.Build.0 = Debug|Any CPU
		{0A2A0108-6CBE-4298-914C-9708764D365B}.Release|Any CPU.ActiveCfg = Release|Any CPU
		{0A2A0108-6CBE-4298-914C-9708764D365B}.Release|Any CPU.Build.0 = Release|Any CPU
		{E6EBBB54-9821-4344-9A72-1F3D6DB8EDA0}.Debug|Any CPU.ActiveCfg = Debug|Any CPU
		{E6EBBB54-9821-4344-9A72-1F3D6DB8EDA0}.Debug|Any CPU.Build.0 = Debug|Any CPU
		{E6EBBB54-9821-4344-9A72-1F3D6DB8EDA0}.Release|Any CPU.ActiveCfg = Release|Any CPU
		{E6EBBB54-9821-4344-9A72-1F3D6DB8EDA0}.Release|Any CPU.Build.0 = Release|Any CPU
		{83955008-D5E9-42AC-A7E3-E390C3448750}.Debug|Any CPU.ActiveCfg = Debug|Any CPU
		{83955008-D5E9-42AC-A7E3-E390C3448750}.Debug|Any CPU.Build.0 = Debug|Any CPU
		{83955008-D5E9-42AC-A7E3-E390C3448750}.Release|Any CPU.ActiveCfg = Release|Any CPU
		{83955008-D5E9-42AC-A7E3-E390C3448750}.Release|Any CPU.Build.0 = Release|Any CPU
	EndGlobalSection
	GlobalSection(SolutionProperties) = preSolution
		HideSolutionNode = FALSE
	EndGlobalSection
EndGlobal
